
Microsoft Visual Studio Solution File, Format Version 12.00
# Visual Studio Version 17
VisualStudioVersion = 17.2.32630.192
MinimumVisualStudioVersion = 10.0.40219.1
Project("{9A19103F-16F7-4668-BE54-9A1E7A4F7556}") = "TNexus.Web", "TNexus.Web.csproj", "{7E338634-BDE9-4EFB-B025-5E22147B026C}"
EndProject
Project("{FAE04EC0-301F-11D3-BF4B-00C04F79EFBC}") = "TNexus.Repository", "..\TNexus.Repository\TNexus.Repository.csproj", "{8488AD8E-915E-4691-A2D0-08AB2DC7B32B}"
EndProject
Project("{FAE04EC0-301F-11D3-BF4B-00C04F79EFBC}") = "TNexus.Service", "..\TNexus.Service\TNexus.Service.csproj", "{37F2DB8D-31E6-475B-AD07-BB606BED9764}"
EndProject
Global
	GlobalSection(SolutionConfigurationPlatforms) = preSolution
		Debug|Any CPU = Debug|Any CPU
		Release|Any CPU = Release|Any CPU
	EndGlobalSection
	GlobalSection(ProjectConfigurationPlatforms) = postSolution
		{7E338634-BDE9-4EFB-B025-5E22147B026C}.Debug|Any CPU.ActiveCfg = Debug|Any CPU
		{7E338634-BDE9-4EFB-B025-5E22147B026C}.Debug|Any CPU.Build.0 = Debug|Any CPU
		{7E338634-BDE9-4EFB-B025-5E22147B026C}.Release|Any CPU.ActiveCfg = Release|Any CPU
		{7E338634-BDE9-4EFB-B025-5E22147B026C}.Release|Any CPU.Build.0 = Release|Any CPU
		{8488AD8E-915E-4691-A2D0-08AB2DC7B32B}.Debug|Any CPU.ActiveCfg = Debug|Any CPU
		{8488AD8E-915E-4691-A2D0-08AB2DC7B32B}.Debug|Any CPU.Build.0 = Debug|Any CPU
		{8488AD8E-915E-4691-A2D0-08AB2DC7B32B}.Release|Any CPU.ActiveCfg = Release|Any CPU
		{8488AD8E-915E-4691-A2D0-08AB2DC7B32B}.Release|Any CPU.Build.0 = Release|Any CPU
		{37F2DB8D-31E6-475B-AD07-BB606BED9764}.Debug|Any CPU.ActiveCfg = Debug|Any CPU
		{37F2DB8D-31E6-475B-AD07-BB606BED9764}.Debug|Any CPU.Build.0 = Debug|Any CPU
		{37F2DB8D-31E6-475B-AD07-BB606BED9764}.Release|Any CPU.ActiveCfg = Release|Any CPU
		{37F2DB8D-31E6-475B-AD07-BB606BED9764}.Release|Any CPU.Build.0 = Release|Any CPU
	EndGlobalSection
	GlobalSection(SolutionProperties) = preSolution
		HideSolutionNode = FALSE
	EndGlobalSection
	GlobalSection(ExtensibilityGlobals) = postSolution
		SolutionGuid = {2202A90D-EEE5-41F1-9DAC-1A23AA4538F6}
	EndGlobalSection
EndGlobal
